
Microsoft Visual Studio Solution File, Format Version 12.00
# Visual Studio 15
VisualStudioVersion = 15.0.27428.2015
MinimumVisualStudioVersion = 10.0.40219.1
Project("{151D2E53-A2C4-4D7D-83FE-D05416EBD58E}") = "InfraAsCode-ARMTemplate", "InfraAsCode-ARMTemplate\InfraAsCode-ARMTemplate.deployproj", "{16096C61-5B5D-401F-BFE7-FBF235070796}"
EndProject
Global
	GlobalSection(SolutionConfigurationPlatforms) = preSolution
		Debug|Any CPU = Debug|Any CPU
		Release|Any CPU = Release|Any CPU
	EndGlobalSection
	GlobalSection(ProjectConfigurationPlatforms) = postSolution
		{16096C61-5B5D-401F-BFE7-FBF235070796}.Debug|Any CPU.ActiveCfg = Debug|Any CPU
		{16096C61-5B5D-401F-BFE7-FBF235070796}.Debug|Any CPU.Build.0 = Debug|Any CPU
		{16096C61-5B5D-401F-BFE7-FBF235070796}.Release|Any CPU.ActiveCfg = Release|Any CPU
		{16096C61-5B5D-401F-BFE7-FBF235070796}.Release|Any CPU.Build.0 = Release|Any CPU
	EndGlobalSection
	GlobalSection(SolutionProperties) = preSolution
		HideSolutionNode = FALSE
	EndGlobalSection
	GlobalSection(ExtensibilityGlobals) = postSolution
		SolutionGuid = {41556088-28E4-46B3-896C-1261CCA1F433}
	EndGlobalSection
EndGlobal
